
Microsoft Visual Studio Solution File, Format Version 12.00
# Visual Studio Version 17
VisualStudioVersion = 17.3.32825.248
MinimumVisualStudioVersion = 10.0.40219.1
Project("{9A19103F-16F7-4668-BE54-9A1E7A4F7556}") = "FieldsParser", "FieldsParser\FieldsParser.csproj", "{6AFFA159-02A7-4ED8-AE28-1B3CAE88DA65}"
EndProject
Project("{FAE04EC0-301F-11D3-BF4B-00C04F79EFBC}") = "Parse.Tests", "Parse.Tests\Parse.Tests.csproj", "{8ADDFCEF-5AD5-45D5-B875-48D550070E56}"
EndProject
Global
	GlobalSection(SolutionConfigurationPlatforms) = preSolution
		Debug|Any CPU = Debug|Any CPU
		Release|Any CPU = Release|Any CPU
	EndGlobalSection
	GlobalSection(ProjectConfigurationPlatforms) = postSolution
		{6AFFA159-02A7-4ED8-AE28-1B3CAE88DA65}.Debug|Any CPU.ActiveCfg = Debug|Any CPU
		{6AFFA159-02A7-4ED8-AE28-1B3CAE88DA65}.Debug|Any CPU.Build.0 = Debug|Any CPU
		{6AFFA159-02A7-4ED8-AE28-1B3CAE88DA65}.Release|Any CPU.ActiveCfg = Release|Any CPU
		{6AFFA159-02A7-4ED8-AE28-1B3CAE88DA65}.Release|Any CPU.Build.0 = Release|Any CPU
		{8ADDFCEF-5AD5-45D5-B875-48D550070E56}.Debug|Any CPU.ActiveCfg = Debug|Any CPU
		{8ADDFCEF-5AD5-45D5-B875-48D550070E56}.Debug|Any CPU.Build.0 = Debug|Any CPU
		{8ADDFCEF-5AD5-45D5-B875-48D550070E56}.Release|Any CPU.ActiveCfg = Release|Any CPU
		{8ADDFCEF-5AD5-45D5-B875-48D550070E56}.Release|Any CPU.Build.0 = Release|Any CPU
	EndGlobalSection
	GlobalSection(SolutionProperties) = preSolution
		HideSolutionNode = FALSE
	EndGlobalSection
	GlobalSection(ExtensibilityGlobals) = postSolution
		SolutionGuid = {9713C221-DA8F-4BEF-9772-3F471FB1403C}
	EndGlobalSection
EndGlobal
